
Microsoft Visual Studio Solution File, Format Version 12.00
# Visual Studio Version 17
VisualStudioVersion = 17.10.35027.167
MinimumVisualStudioVersion = 10.0.40219.1
Project("{9A19103F-16F7-4668-BE54-9A1E7A4F7556}") = "PrivateMessenger.DataAccess", "PrivateMessenger.DataAccess\PrivateMessenger.DataAccess.csproj", "{1FC11E67-1897-43E9-B19A-48C363FEAD96}"
	ProjectSection(ProjectDependencies) = postProject
		{05F80E27-E7CD-4417-A519-92C25F9AB0DE} = {05F80E27-E7CD-4417-A519-92C25F9AB0DE}
	EndProjectSection
EndProject
Project("{9A19103F-16F7-4668-BE54-9A1E7A4F7556}") = "PrivateMessenger.Models", "PrivateMessenger.Models\PrivateMessenger.Models.csproj", "{05F80E27-E7CD-4417-A519-92C25F9AB0DE}"
EndProject
Project("{9A19103F-16F7-4668-BE54-9A1E7A4F7556}") = "PrivateMessenger.Services", "PrivateMessenger.Services\PrivateMessenger.Services.csproj", "{AA54B6C7-E7E0-4281-8921-6BA7E575E9C5}"
EndProject
Project("{9A19103F-16F7-4668-BE54-9A1E7A4F7556}") = "PrivateMessenger.Utility", "PrivateMessenger.Utility\PrivateMessenger.Utility.csproj", "{ADDDDA36-0A5D-4768-B2FB-A71D4D9CA52D}"
EndProject
Project("{9A19103F-16F7-4668-BE54-9A1E7A4F7556}") = "PrivateMessenger.DTOs", "PrivateMessenger.DTOs\PrivateMessenger.DTOs.csproj", "{132B1FE3-EA56-40F1-AD7A-FF50926E9B91}"
EndProject
Project("{9A19103F-16F7-4668-BE54-9A1E7A4F7556}") = "PrivateMessengerAPI", "PrivateMessengerAPI\PrivateMessengerAPI.csproj", "{6F3DDA71-5C81-42E2-836B-60A9946E253A}"
EndProject
Project("{54A90642-561A-4BB1-A94E-469ADEE60C69}") = "privatemessengerweb", "PrivateMessengerWeb\privatemessengerweb.esproj", "{D81C8C16-BF11-4CBA-A3CA-8AFD2B11559C}"
EndProject
Global
	GlobalSection(SolutionConfigurationPlatforms) = preSolution
		Debug|Any CPU = Debug|Any CPU
		Release|Any CPU = Release|Any CPU
	EndGlobalSection
	GlobalSection(ProjectConfigurationPlatforms) = postSolution
		{1FC11E67-1897-43E9-B19A-48C363FEAD96}.Debug|Any CPU.ActiveCfg = Debug|Any CPU
		{1FC11E67-1897-43E9-B19A-48C363FEAD96}.Debug|Any CPU.Build.0 = Debug|Any CPU
		{1FC11E67-1897-43E9-B19A-48C363FEAD96}.Release|Any CPU.ActiveCfg = Release|Any CPU
		{1FC11E67-1897-43E9-B19A-48C363FEAD96}.Release|Any CPU.Build.0 = Release|Any CPU
		{05F80E27-E7CD-4417-A519-92C25F9AB0DE}.Debug|Any CPU.ActiveCfg = Debug|Any CPU
		{05F80E27-E7CD-4417-A519-92C25F9AB0DE}.Debug|Any CPU.Build.0 = Debug|Any CPU
		{05F80E27-E7CD-4417-A519-92C25F9AB0DE}.Release|Any CPU.ActiveCfg = Release|Any CPU
		{05F80E27-E7CD-4417-A519-92C25F9AB0DE}.Release|Any CPU.Build.0 = Release|Any CPU
		{AA54B6C7-E7E0-4281-8921-6BA7E575E9C5}.Debug|Any CPU.ActiveCfg = Debug|Any CPU
		{AA54B6C7-E7E0-4281-8921-6BA7E575E9C5}.Debug|Any CPU.Build.0 = Debug|Any CPU
		{AA54B6C7-E7E0-4281-8921-6BA7E575E9C5}.Release|Any CPU.ActiveCfg = Release|Any CPU
		{AA54B6C7-E7E0-4281-8921-6BA7E575E9C5}.Release|Any CPU.Build.0 = Release|Any CPU
		{ADDDDA36-0A5D-4768-B2FB-A71D4D9CA52D}.Debug|Any CPU.ActiveCfg = Debug|Any CPU
		{ADDDDA36-0A5D-4768-B2FB-A71D4D9CA52D}.Debug|Any CPU.Build.0 = Debug|Any CPU
		{ADDDDA36-0A5D-4768-B2FB-A71D4D9CA52D}.Release|Any CPU.ActiveCfg = Release|Any CPU
		{ADDDDA36-0A5D-4768-B2FB-A71D4D9CA52D}.Release|Any CPU.Build.0 = Release|Any CPU
		{132B1FE3-EA56-40F1-AD7A-FF50926E9B91}.Debug|Any CPU.ActiveCfg = Debug|Any CPU
		{132B1FE3-EA56-40F1-AD7A-FF50926E9B91}.Debug|Any CPU.Build.0 = Debug|Any CPU
		{132B1FE3-EA56-40F1-AD7A-FF50926E9B91}.Release|Any CPU.ActiveCfg = Release|Any CPU
		{132B1FE3-EA56-40F1-AD7A-FF50926E9B91}.Release|Any CPU.Build.0 = Release|Any CPU
		{6F3DDA71-5C81-42E2-836B-60A9946E253A}.Debug|Any CPU.ActiveCfg = Debug|Any CPU
		{6F3DDA71-5C81-42E2-836B-60A9946E253A}.Debug|Any CPU.Build.0 = Debug|Any CPU
		{6F3DDA71-5C81-42E2-836B-60A9946E253A}.Release|Any CPU.ActiveCfg = Release|Any CPU
		{6F3DDA71-5C81-42E2-836B-60A9946E253A}.Release|Any CPU.Build.0 = Release|Any CPU
		{D81C8C16-BF11-4CBA-A3CA-8AFD2B11559C}.Debug|Any CPU.ActiveCfg = Debug|Any CPU
		{D81C8C16-BF11-4CBA-A3CA-8AFD2B11559C}.Debug|Any CPU.Build.0 = Debug|Any CPU
		{D81C8C16-BF11-4CBA-A3CA-8AFD2B11559C}.Debug|Any CPU.Deploy.0 = Debug|Any CPU
		{D81C8C16-BF11-4CBA-A3CA-8AFD2B11559C}.Release|Any CPU.ActiveCfg = Release|Any CPU
		{D81C8C16-BF11-4CBA-A3CA-8AFD2B11559C}.Release|Any CPU.Build.0 = Release|Any CPU
		{D81C8C16-BF11-4CBA-A3CA-8AFD2B11559C}.Release|Any CPU.Deploy.0 = Release|Any CPU
	EndGlobalSection
	GlobalSection(SolutionProperties) = preSolution
		HideSolutionNode = FALSE
	EndGlobalSection
	GlobalSection(ExtensibilityGlobals) = postSolution
		SolutionGuid = {E6CA1032-FC46-4DC3-8F06-8F4BD521A057}
	EndGlobalSection
EndGlobal
